
Microsoft Visual Studio Solution File, Format Version 12.00
# Visual Studio Version 17
VisualStudioVersion = 17.3.32825.248
MinimumVisualStudioVersion = 10.0.40219.1
Project("{2150E333-8FDC-42A3-9474-1A3956D46DE8}") = "src", "src", "{D0F27174-B8B7-4C92-8DA0-607AE0D32ACE}"
EndProject
Project("{2150E333-8FDC-42A3-9474-1A3956D46DE8}") = "Core", "Core", "{A663104F-22FE-4ECC-9383-85C1CEB0799B}"
EndProject
Project("{2150E333-8FDC-42A3-9474-1A3956D46DE8}") = "Infraestucture", "Infraestucture", "{2D234437-3E72-4221-92EB-A168169B0F4E}"
EndProject
Project("{2150E333-8FDC-42A3-9474-1A3956D46DE8}") = "Presentation", "Presentation", "{092FF739-54CB-42F3-815E-85D2401C1E4F}"
EndProject
Project("{9A19103F-16F7-4668-BE54-9A1E7A4F7556}") = "Application", "Application\Application.csproj", "{9DA0BB97-F76B-435F-9FE1-F79304B8489C}"
EndProject
Project("{9A19103F-16F7-4668-BE54-9A1E7A4F7556}") = "Domain", "Domain\Domain.csproj", "{25557CF9-7FCB-455B-9B6C-3A6A790C0298}"
EndProject
Project("{9A19103F-16F7-4668-BE54-9A1E7A4F7556}") = "Persistence", "Persistence\Persistence.csproj", "{77672DD5-85E1-4AD7-B793-6955ED65E2F5}"
EndProject
Project("{9A19103F-16F7-4668-BE54-9A1E7A4F7556}") = "Shared", "Shared\Shared.csproj", "{30955E3F-C939-46D4-9710-CC47F249F7D0}"
EndProject
Project("{9A19103F-16F7-4668-BE54-9A1E7A4F7556}") = "WebAPI", "WebAPI\WebAPI.csproj", "{FEB57C43-2469-4D6D-8A7B-F85537296016}"
EndProject
Project("{FAE04EC0-301F-11D3-BF4B-00C04F79EFBC}") = "Identity", "Identity\Identity.csproj", "{C7629C15-2B95-4EBF-8188-1967A540CCEA}"
EndProject
Global
	GlobalSection(SolutionConfigurationPlatforms) = preSolution
		Debug|Any CPU = Debug|Any CPU
		Release|Any CPU = Release|Any CPU
	EndGlobalSection
	GlobalSection(ProjectConfigurationPlatforms) = postSolution
		{9DA0BB97-F76B-435F-9FE1-F79304B8489C}.Debug|Any CPU.ActiveCfg = Debug|Any CPU
		{9DA0BB97-F76B-435F-9FE1-F79304B8489C}.Debug|Any CPU.Build.0 = Debug|Any CPU
		{9DA0BB97-F76B-435F-9FE1-F79304B8489C}.Release|Any CPU.ActiveCfg = Release|Any CPU
		{9DA0BB97-F76B-435F-9FE1-F79304B8489C}.Release|Any CPU.Build.0 = Release|Any CPU
		{25557CF9-7FCB-455B-9B6C-3A6A790C0298}.Debug|Any CPU.ActiveCfg = Debug|Any CPU
		{25557CF9-7FCB-455B-9B6C-3A6A790C0298}.Debug|Any CPU.Build.0 = Debug|Any CPU
		{25557CF9-7FCB-455B-9B6C-3A6A790C0298}.Release|Any CPU.ActiveCfg = Release|Any CPU
		{25557CF9-7FCB-455B-9B6C-3A6A790C0298}.Release|Any CPU.Build.0 = Release|Any CPU
		{77672DD5-85E1-4AD7-B793-6955ED65E2F5}.Debug|Any CPU.ActiveCfg = Debug|Any CPU
		{77672DD5-85E1-4AD7-B793-6955ED65E2F5}.Debug|Any CPU.Build.0 = Debug|Any CPU
		{77672DD5-85E1-4AD7-B793-6955ED65E2F5}.Release|Any CPU.ActiveCfg = Release|Any CPU
		{77672DD5-85E1-4AD7-B793-6955ED65E2F5}.Release|Any CPU.Build.0 = Release|Any CPU
		{30955E3F-C939-46D4-9710-CC47F249F7D0}.Debug|Any CPU.ActiveCfg = Debug|Any CPU
		{30955E3F-C939-46D4-9710-CC47F249F7D0}.Debug|Any CPU.Build.0 = Debug|Any CPU
		{30955E3F-C939-46D4-9710-CC47F249F7D0}.Release|Any CPU.ActiveCfg = Release|Any CPU
		{30955E3F-C939-46D4-9710-CC47F249F7D0}.Release|Any CPU.Build.0 = Release|Any CPU
		{FEB57C43-2469-4D6D-8A7B-F85537296016}.Debug|Any CPU.ActiveCfg = Debug|Any CPU
		{FEB57C43-2469-4D6D-8A7B-F85537296016}.Debug|Any CPU.Build.0 = Debug|Any CPU
		{FEB57C43-2469-4D6D-8A7B-F85537296016}.Release|Any CPU.ActiveCfg = Release|Any CPU
		{FEB57C43-2469-4D6D-8A7B-F85537296016}.Release|Any CPU.Build.0 = Release|Any CPU
		{C7629C15-2B95-4EBF-8188-1967A540CCEA}.Debug|Any CPU.ActiveCfg = Debug|Any CPU
		{C7629C15-2B95-4EBF-8188-1967A540CCEA}.Debug|Any CPU.Build.0 = Debug|Any CPU
		{C7629C15-2B95-4EBF-8188-1967A540CCEA}.Release|Any CPU.ActiveCfg = Release|Any CPU
		{C7629C15-2B95-4EBF-8188-1967A540CCEA}.Release|Any CPU.Build.0 = Release|Any CPU
	EndGlobalSection
	GlobalSection(SolutionProperties) = preSolution
		HideSolutionNode = FALSE
	EndGlobalSection
	GlobalSection(NestedProjects) = preSolution
		{A663104F-22FE-4ECC-9383-85C1CEB0799B} = {D0F27174-B8B7-4C92-8DA0-607AE0D32ACE}
		{2D234437-3E72-4221-92EB-A168169B0F4E} = {D0F27174-B8B7-4C92-8DA0-607AE0D32ACE}
		{092FF739-54CB-42F3-815E-85D2401C1E4F} = {D0F27174-B8B7-4C92-8DA0-607AE0D32ACE}
		{9DA0BB97-F76B-435F-9FE1-F79304B8489C} = {A663104F-22FE-4ECC-9383-85C1CEB0799B}
		{25557CF9-7FCB-455B-9B6C-3A6A790C0298} = {A663104F-22FE-4ECC-9383-85C1CEB0799B}
		{77672DD5-85E1-4AD7-B793-6955ED65E2F5} = {2D234437-3E72-4221-92EB-A168169B0F4E}
		{30955E3F-C939-46D4-9710-CC47F249F7D0} = {2D234437-3E72-4221-92EB-A168169B0F4E}
		{FEB57C43-2469-4D6D-8A7B-F85537296016} = {092FF739-54CB-42F3-815E-85D2401C1E4F}
		{C7629C15-2B95-4EBF-8188-1967A540CCEA} = {2D234437-3E72-4221-92EB-A168169B0F4E}
	EndGlobalSection
	GlobalSection(ExtensibilityGlobals) = postSolution
		SolutionGuid = {4F7533B1-0261-4B63-98D7-188E6591679B}
	EndGlobalSection
EndGlobal
